<?xml version="1.0" encoding="utf-8"?>
<Project ToolsVersion="4.0" xmlns="http://schemas.microsoft.com/developer/msbuild/2003">
  <ItemGroup>
    <Filter Include="ソース ファイル">
      <UniqueIdentifier>{4FC737F1-C7A5-4376-A066-2A32D752A2FF}</UniqueIdentifier>
      <Extensions>cpp;c;cc;cxx;def;odl;idl;hpj;bat;asm;asmx</Extensions>
    </Filter>
    <Filter Include="リソース ファイル">
      <UniqueIdentifier>{67DA6AB6-F800-4c08-8B7A-83BB121AAD01}</UniqueIdentifier>
      <Extensions>rc;ico;cur;bmp;dlg;rc2;rct;bin;rgs;gif;jpg;jpeg;jpe;resx;tiff;tif;png;wav;mfcribbon-ms</Extensions>
    </Filter>
    <Filter Include="ソース ファイル\System">
      <UniqueIdentifier>{471058cc-d8a4-4579-bdd6-fb8e7b34e8d6}</UniqueIdentifier>
    </Filter>
    <Filter Include="ソース ファイル\Game">
      <UniqueIdentifier>{77a81569-a693-48a1-bbc2-5a098cf4b0d9}</UniqueIdentifier>
    </Filter>
    <Filter Include="ソース ファイル\Game\Scene">
      <UniqueIdentifier>{9fddf0a2-2ed1-4139-a751-98a1b2277b1c}</UniqueIdentifier>
    </Filter>
    <Filter Include="ソース ファイル\Game\2D">
      <UniqueIdentifier>{252e6c1d-04ab-455d-bc11-5af0ae716278}</UniqueIdentifier>
    </Filter>
    <Filter Include="ソース ファイル\Game\Sound">
      <UniqueIdentifier>{05290011-5330-40e2-adc7-71ff58560899}</UniqueIdentifier>
    </Filter>
    <Filter Include="リソース ファイル\Shader">
      <UniqueIdentifier>{7cc5f100-a340-47a2-9ffd-0b206275df2c}</UniqueIdentifier>
    </Filter>
    <Filter Include="リソース ファイル\Shader\Pixel">
      <UniqueIdentifier>{f786bcb8-a166-4cbc-bf7d-25b5f1923c98}</UniqueIdentifier>
    </Filter>
    <Filter Include="リソース ファイル\Shader\Vertex">
      <UniqueIdentifier>{91964144-4316-413d-89f3-fd76e7b9dd26}</UniqueIdentifier>
    </Filter>
    <Filter Include="ソース ファイル\Game\3D">
      <UniqueIdentifier>{074e0f47-eba4-4e4e-9a0d-c99066be0623}</UniqueIdentifier>
    </Filter>
    <Filter Include="ソース ファイル\Test">
      <UniqueIdentifier>{45d24c2d-3bbd-4743-a101-b068babb49d9}</UniqueIdentifier>
    </Filter>
    <Filter Include="ソース ファイル\Game\Rendering">
      <UniqueIdentifier>{2ee51e82-076a-4d91-8d2a-07c716ceed65}</UniqueIdentifier>
    </Filter>
    <Filter Include="ソース ファイル\Game\Base">
      <UniqueIdentifier>{dc70d767-6f92-4ed9-8e6f-3d42b184b4f2}</UniqueIdentifier>
    </Filter>
    <Filter Include="ソース ファイル\Game\Engine">
      <UniqueIdentifier>{7bdafe69-6b0c-4eeb-8ac6-38762f38210d}</UniqueIdentifier>
    </Filter>
  </ItemGroup>
  <ItemGroup>
    <ClCompile Include="Application.cpp">
      <Filter>ソース ファイル\System</Filter>
    </ClCompile>
    <ClCompile Include="DirectX11.cpp">
      <Filter>ソース ファイル\System</Filter>
    </ClCompile>
    <ClCompile Include="Fps.cpp">
      <Filter>ソース ファイル\System</Filter>
    </ClCompile>
    <ClCompile Include="InputDevice.cpp">
      <Filter>ソース ファイル\System</Filter>
    </ClCompile>
    <ClCompile Include="main.cpp">
      <Filter>ソース ファイル\System</Filter>
    </ClCompile>
    <ClCompile Include="Manager.cpp">
      <Filter>ソース ファイル\Game\Scene</Filter>
    </ClCompile>
    <ClCompile Include="Scene.cpp">
      <Filter>ソース ファイル\Game\Scene</Filter>
    </ClCompile>
    <ClCompile Include="Bg.cpp">
      <Filter>ソース ファイル\Game\2D</Filter>
    </ClCompile>
    <ClCompile Include="Renderer.cpp">
      <Filter>ソース ファイル\Game\2D</Filter>
    </ClCompile>
    <ClCompile Include="Audio.cpp">
      <Filter>ソース ファイル\Game\Sound</Filter>
    </ClCompile>
    <ClCompile Include="Camera.cpp">
      <Filter>ソース ファイル\Game\3D</Filter>
    </ClCompile>
    <ClCompile Include="Effect.cpp">
      <Filter>ソース ファイル\Game\2D</Filter>
    </ClCompile>
    <ClCompile Include="TestPlayer.cpp">
      <Filter>ソース ファイル\Test</Filter>
    </ClCompile>
    <ClCompile Include="TestScene.cpp">
      <Filter>ソース ファイル\Test</Filter>
    </ClCompile>
    <ClCompile Include="SettingShader.cpp">
      <Filter>ソース ファイル\Game\Rendering</Filter>
    </ClCompile>
    <ClCompile Include="Object3D.cpp">
      <Filter>ソース ファイル\Game\3D</Filter>
    </ClCompile>
    <ClCompile Include="TestField.cpp">
      <Filter>ソース ファイル\Test</Filter>
    </ClCompile>
    <ClCompile Include="Engine.cpp">
      <Filter>ソース ファイル\Game\Engine</Filter>
    </ClCompile>
    <ClCompile Include="Prefabs.cpp">
      <Filter>ソース ファイル\Game\Engine</Filter>
    </ClCompile>
    <ClCompile Include="Loader.cpp">
      <Filter>ソース ファイル\Game\Engine</Filter>
    </ClCompile>
    <ClCompile Include="Input.cpp">
      <Filter>ソース ファイル\System</Filter>
    </ClCompile>
  </ItemGroup>
  <ItemGroup>
    <ClInclude Include="Effect.h">
      <Filter>ソース ファイル\Game\2D</Filter>
    </ClInclude>
    <ClInclude Include="Bg.h">
      <Filter>ソース ファイル\Game\2D</Filter>
    </ClInclude>
    <ClInclude Include="Renderer.h">
      <Filter>ソース ファイル\Game\2D</Filter>
    </ClInclude>
    <ClInclude Include="Camera.h">
      <Filter>ソース ファイル\Game\3D</Filter>
    </ClInclude>
    <ClInclude Include="Object3D.h">
      <Filter>ソース ファイル\Game\3D</Filter>
    </ClInclude>
    <ClInclude Include="SettingShader.h">
      <Filter>ソース ファイル\Game\Rendering</Filter>
    </ClInclude>
    <ClInclude Include="TestField.h">
      <Filter>ソース ファイル\Test</Filter>
    </ClInclude>
    <ClInclude Include="TestPlayer.h">
      <Filter>ソース ファイル\Test</Filter>
    </ClInclude>
    <ClInclude Include="TestScene.h">
      <Filter>ソース ファイル\Test</Filter>
    </ClInclude>
    <ClInclude Include="Application.h">
      <Filter>ソース ファイル\System</Filter>
    </ClInclude>
    <ClInclude Include="DirectX11.h">
      <Filter>ソース ファイル\System</Filter>
    </ClInclude>
    <ClInclude Include="Fps.h">
      <Filter>ソース ファイル\System</Filter>
    </ClInclude>
    <ClInclude Include="InputDevice.h">
      <Filter>ソース ファイル\System</Filter>
    </ClInclude>
    <ClInclude Include="Manager.h">
      <Filter>ソース ファイル\Game\Scene</Filter>
    </ClInclude>
    <ClInclude Include="Scene.h">
      <Filter>ソース ファイル\Game\Scene</Filter>
    </ClInclude>
    <ClInclude Include="Audio.h">
      <Filter>ソース ファイル\Game\Sound</Filter>
    </ClInclude>
    <ClInclude Include="GameObject.h">
      <Filter>ソース ファイル\Game\Base</Filter>
    </ClInclude>
    <ClInclude Include="Engine.h">
      <Filter>ソース ファイル\Game\Engine</Filter>
    </ClInclude>
    <ClInclude Include="Prefabs.h">
      <Filter>ソース ファイル\Game\Engine</Filter>
    </ClInclude>
    <ClInclude Include="Loader.h">
      <Filter>ソース ファイル\Game\Engine</Filter>
    </ClInclude>
    <ClInclude Include="Input.h">
      <Filter>ソース ファイル\System</Filter>
    </ClInclude>
  </ItemGroup>
  <ItemGroup>
    <FxCompile Include="pixelShader.hlsl">
      <Filter>リソース ファイル\Shader\Pixel</Filter>
    </FxCompile>
    <FxCompile Include="vertexShader.hlsl">
      <Filter>リソース ファイル\Shader\Vertex</Filter>
    </FxCompile>
    <FxCompile Include="waterPS.hlsl">
      <Filter>リソース ファイル\Shader\Pixel</Filter>
    </FxCompile>
    <FxCompile Include="waterVS.hlsl">
      <Filter>リソース ファイル\Shader\Vertex</Filter>
    </FxCompile>
    <FxCompile Include="Common.hlsl" />
    <FxCompile Include="MappingVS.hlsl" />
    <FxCompile Include="MappingPS.hlsl" />
  </ItemGroup>
  <ItemGroup>
    <Text Include="ToDoList.txt" />
    <Text Include="memo.txt" />
  </ItemGroup>
</Project>